
Microsoft Visual Studio Solution File, Format Version 12.00
# Visual Studio Version 16
VisualStudioVersion = 16.0.30503.244
MinimumVisualStudioVersion = 10.0.40219.1
Project("{FAE04EC0-301F-11D3-BF4B-00C04F79EFBC}") = "02_DefaultValues", "02_DefaultValues\02_DefaultValues.csproj", "{526C27B1-E580-48C8-B060-EB2FF8CF21F2}"
EndProject
Project("{FAE04EC0-301F-11D3-BF4B-00C04F79EFBC}") = "03_Literal", "03_Literal\03_Literal.csproj", "{0C68ABE4-387C-4384-B76E-A4C953098230}"
EndProject
Global
	GlobalSection(SolutionConfigurationPlatforms) = preSolution
		Debug|Any CPU = Debug|Any CPU
		Release|Any CPU = Release|Any CPU
	EndGlobalSection
	GlobalSection(ProjectConfigurationPlatforms) = postSolution
		{526C27B1-E580-48C8-B060-EB2FF8CF21F2}.Debug|Any CPU.ActiveCfg = Debug|Any CPU
		{526C27B1-E580-48C8-B060-EB2FF8CF21F2}.Debug|Any CPU.Build.0 = Debug|Any CPU
		{526C27B1-E580-48C8-B060-EB2FF8CF21F2}.Release|Any CPU.ActiveCfg = Release|Any CPU
		{526C27B1-E580-48C8-B060-EB2FF8CF21F2}.Release|Any CPU.Build.0 = Release|Any CPU
		{0C68ABE4-387C-4384-B76E-A4C953098230}.Debug|Any CPU.ActiveCfg = Debug|Any CPU
		{0C68ABE4-387C-4384-B76E-A4C953098230}.Debug|Any CPU.Build.0 = Debug|Any CPU
		{0C68ABE4-387C-4384-B76E-A4C953098230}.Release|Any CPU.ActiveCfg = Release|Any CPU
		{0C68ABE4-387C-4384-B76E-A4C953098230}.Release|Any CPU.Build.0 = Release|Any CPU
	EndGlobalSection
	GlobalSection(SolutionProperties) = preSolution
		HideSolutionNode = FALSE
	EndGlobalSection
	GlobalSection(ExtensibilityGlobals) = postSolution
		SolutionGuid = {0B1C7A54-50AC-49C7-B1F9-B1EC66FA8F9C}
	EndGlobalSection
EndGlobal
